
Microsoft Visual Studio Solution File, Format Version 12.00
# Visual Studio Version 16
VisualStudioVersion = 16.0.31005.135
MinimumVisualStudioVersion = 10.0.40219.1
Project("{FAE04EC0-301F-11D3-BF4B-00C04F79EFBC}") = "Polybiy", "Polybiy\Polybiy.csproj", "{1E6DB7BE-0857-425E-AB66-227284D7E954}"
EndProject
Project("{FAE04EC0-301F-11D3-BF4B-00C04F79EFBC}") = "Permutation", "Permutation\Permutation.csproj", "{4410C7D5-3B49-4C33-8EC6-2AC8169D3353}"
EndProject
Global
	GlobalSection(SolutionConfigurationPlatforms) = preSolution
		Debug|Any CPU = Debug|Any CPU
		Release|Any CPU = Release|Any CPU
	EndGlobalSection
	GlobalSection(ProjectConfigurationPlatforms) = postSolution
		{1E6DB7BE-0857-425E-AB66-227284D7E954}.Debug|Any CPU.ActiveCfg = Debug|Any CPU
		{1E6DB7BE-0857-425E-AB66-227284D7E954}.Debug|Any CPU.Build.0 = Debug|Any CPU
		{1E6DB7BE-0857-425E-AB66-227284D7E954}.Release|Any CPU.ActiveCfg = Release|Any CPU
		{1E6DB7BE-0857-425E-AB66-227284D7E954}.Release|Any CPU.Build.0 = Release|Any CPU
		{4410C7D5-3B49-4C33-8EC6-2AC8169D3353}.Debug|Any CPU.ActiveCfg = Debug|Any CPU
		{4410C7D5-3B49-4C33-8EC6-2AC8169D3353}.Debug|Any CPU.Build.0 = Debug|Any CPU
		{4410C7D5-3B49-4C33-8EC6-2AC8169D3353}.Release|Any CPU.ActiveCfg = Release|Any CPU
		{4410C7D5-3B49-4C33-8EC6-2AC8169D3353}.Release|Any CPU.Build.0 = Release|Any CPU
	EndGlobalSection
	GlobalSection(SolutionProperties) = preSolution
		HideSolutionNode = FALSE
	EndGlobalSection
	GlobalSection(ExtensibilityGlobals) = postSolution
		SolutionGuid = {BCD67610-C9A1-4C06-93FF-A13747B40FF4}
	EndGlobalSection
EndGlobal
